// !$*UTF8*$!
{
	archiveVersion = 1;
	classes = {
	};
	objectVersion = 55;
	objects = {

/* Begin PBXBuildFile section */
		D6CB699D279C959500BCB4FB /* ScrumAppApp.swift in Sources */ = {isa = PBXBuildFile; fileRef = D6CB699C279C959500BCB4FB /* ScrumAppApp.swift */; };
		D6CB699F279C959500BCB4FB /* ContentView.swift in Sources */ = {isa = PBXBuildFile; fileRef = D6CB699E279C959500BCB4FB /* ContentView.swift */; };
		D6CB69A4279C959600BCB4FB /* Preview Assets.xcassets in Resources */ = {isa = PBXBuildFile; fileRef = D6CB69A3279C959600BCB4FB /* Preview Assets.xcassets */; };
		D6CB69AE279C959600BCB4FB /* ScrumAppTests.swift in Sources */ = {isa = PBXBuildFile; fileRef = D6CB69AD279C959600BCB4FB /* ScrumAppTests.swift */; };
		D6CB69B8279C959600BCB4FB /* ScrumAppUITests.swift in Sources */ = {isa = PBXBuildFile; fileRef = D6CB69B7279C959600BCB4FB /* ScrumAppUITests.swift */; };
		D6CB69BA279C959600BCB4FB /* ScrumAppUITestsLaunchTests.swift in Sources */ = {isa = PBXBuildFile; fileRef = D6CB69B9279C959600BCB4FB /* ScrumAppUITestsLaunchTests.swift */; };
		D6CB69C8279CAA9500BCB4FB /* Theme.swift in Sources */ = {isa = PBXBuildFile; fileRef = D6CB69C7279CAA9500BCB4FB /* Theme.swift */; };
		D6CB69CA279CAC9800BCB4FB /* Assets.xcassets in Resources */ = {isa = PBXBuildFile; fileRef = D6CB69C9279CAC9800BCB4FB /* Assets.xcassets */; };
		D6CB69CC279CAD5300BCB4FB /* DailyScrum.swift in Sources */ = {isa = PBXBuildFile; fileRef = D6CB69CB279CAD5300BCB4FB /* DailyScrum.swift */; };
		D6CB69CE279CAE6D00BCB4FB /* CardView.swift in Sources */ = {isa = PBXBuildFile; fileRef = D6CB69CD279CAE6D00BCB4FB /* CardView.swift */; };
		D6CB69D0279CB47600BCB4FB /* TrailingIconLabelStyle.swift in Sources */ = {isa = PBXBuildFile; fileRef = D6CB69CF279CB47600BCB4FB /* TrailingIconLabelStyle.swift */; };
		D6CB69D2279CF04A00BCB4FB /* ScrumsView.swift in Sources */ = {isa = PBXBuildFile; fileRef = D6CB69D1279CF04A00BCB4FB /* ScrumsView.swift */; };
/* End PBXBuildFile section */

/* Begin PBXContainerItemProxy section */
		D6CB69AA279C959600BCB4FB /* PBXContainerItemProxy */ = {
			isa = PBXContainerItemProxy;
			containerPortal = D6CB6991279C959500BCB4FB /* Project object */;
			proxyType = 1;
			remoteGlobalIDString = D6CB6998279C959500BCB4FB;
			remoteInfo = ScrumApp;
		};
		D6CB69B4279C959600BCB4FB /* PBXContainerItemProxy */ = {
			isa = PBXContainerItemProxy;
			containerPortal = D6CB6991279C959500BCB4FB /* Project object */;
			proxyType = 1;
			remoteGlobalIDString = D6CB6998279C959500BCB4FB;
			remoteInfo = ScrumApp;
		};
/* End PBXContainerItemProxy section */

/* Begin PBXFileReference section */
		D6CB6999279C959500BCB4FB /* ScrumApp.app */ = {isa = PBXFileReference; explicitFileType = wrapper.application; includeInIndex = 0; path = ScrumApp.app; sourceTree = BUILT_PRODUCTS_DIR; };
		D6CB699C279C959500BCB4FB /* ScrumAppApp.swift */ = {isa = PBXFileReference; lastKnownFileType = sourcecode.swift; path = ScrumAppApp.swift; sourceTree = "<group>"; };
		D6CB699E279C959500BCB4FB /* ContentView.swift */ = {isa = PBXFileReference; lastKnownFileType = sourcecode.swift; path = ContentView.swift; sourceTree = "<group>"; };
		D6CB69A3279C959600BCB4FB /* Preview Assets.xcassets */ = {isa = PBXFileReference; lastKnownFileType = folder.assetcatalog; path = "Preview Assets.xcassets"; sourceTree = "<group>"; };
		D6CB69A9279C959600BCB4FB /* ScrumAppTests.xctest */ = {isa = PBXFileReference; explicitFileType = wrapper.cfbundle; includeInIndex = 0; path = ScrumAppTests.xctest; sourceTree = BUILT_PRODUCTS_DIR; };
		D6CB69AD279C959600BCB4FB /* ScrumAppTests.swift */ = {isa = PBXFileReference; lastKnownFileType = sourcecode.swift; path = ScrumAppTests.swift; sourceTree = "<group>"; };
		D6CB69B3279C959600BCB4FB /* ScrumAppUITests.xctest */ = {isa = PBXFileReference; explicitFileType = wrapper.cfbundle; includeInIndex = 0; path = ScrumAppUITests.xctest; sourceTree = BUILT_PRODUCTS_DIR; };
		D6CB69B7279C959600BCB4FB /* ScrumAppUITests.swift */ = {isa = PBXFileReference; lastKnownFileType = sourcecode.swift; path = ScrumAppUITests.swift; sourceTree = "<group>"; };
		D6CB69B9279C959600BCB4FB /* ScrumAppUITestsLaunchTests.swift */ = {isa = PBXFileReference; lastKnownFileType = sourcecode.swift; path = ScrumAppUITestsLaunchTests.swift; sourceTree = "<group>"; };
		D6CB69C7279CAA9500BCB4FB /* Theme.swift */ = {isa = PBXFileReference; lastKnownFileType = sourcecode.swift; path = Theme.swift; sourceTree = "<group>"; };
		D6CB69C9279CAC9800BCB4FB /* Assets.xcassets */ = {isa = PBXFileReference; lastKnownFileType = folder.assetcatalog; name = Assets.xcassets; path = ../../../../Downloads/CreatingACardView/StartingProject/Scrumdinger/Assets.xcassets; sourceTree = "<group>"; };
		D6CB69CB279CAD5300BCB4FB /* DailyScrum.swift */ = {isa = PBXFileReference; lastKnownFileType = sourcecode.swift; path = DailyScrum.swift; sourceTree = "<group>"; };
		D6CB69CD279CAE6D00BCB4FB /* CardView.swift */ = {isa = PBXFileReference; lastKnownFileType = sourcecode.swift; path = CardView.swift; sourceTree = "<group>"; };
		D6CB69CF279CB47600BCB4FB /* TrailingIconLabelStyle.swift */ = {isa = PBXFileReference; lastKnownFileType = sourcecode.swift; path = TrailingIconLabelStyle.swift; sourceTree = "<group>"; };
		D6CB69D1279CF04A00BCB4FB /* ScrumsView.swift */ = {isa = PBXFileReference; lastKnownFileType = sourcecode.swift; path = ScrumsView.swift; sourceTree = "<group>"; };
/* End PBXFileReference section */

/* Begin PBXFrameworksBuildPhase section */
		D6CB6996279C959500BCB4FB /* Frameworks */ = {
			isa = PBXFrameworksBuildPhase;
			buildActionMask = 2147483647;
			files = (
			);
			runOnlyForDeploymentPostprocessing = 0;
		};
		D6CB69A6279C959600BCB4FB /* Frameworks */ = {
			isa = PBXFrameworksBuildPhase;
			buildActionMask = 2147483647;
			files = (
			);
			runOnlyForDeploymentPostprocessing = 0;
		};
		D6CB69B0279C959600BCB4FB /* Frameworks */ = {
			isa = PBXFrameworksBuildPhase;
			buildActionMask = 2147483647;
			files = (
			);
			runOnlyForDeploymentPostprocessing = 0;
		};
/* End PBXFrameworksBuildPhase section */

/* Begin PBXGroup section */
		D6CB6990279C959500BCB4FB = {
			isa = PBXGroup;
			children = (
				D6CB699B279C959500BCB4FB /* ScrumApp */,
				D6CB69AC279C959600BCB4FB /* ScrumAppTests */,
				D6CB69B6279C959600BCB4FB /* ScrumAppUITests */,
				D6CB699A279C959500BCB4FB /* Products */,
			);
			sourceTree = "<group>";
		};
		D6CB699A279C959500BCB4FB /* Products */ = {
			isa = PBXGroup;
			children = (
				D6CB6999279C959500BCB4FB /* ScrumApp.app */,
				D6CB69A9279C959600BCB4FB /* ScrumAppTests.xctest */,
				D6CB69B3279C959600BCB4FB /* ScrumAppUITests.xctest */,
			);
			name = Products;
			sourceTree = "<group>";
		};
		D6CB699B279C959500BCB4FB /* ScrumApp */ = {
			isa = PBXGroup;
			children = (
				D6CB69C6279CAA6500BCB4FB /* Models */,
				D6CB699C279C959500BCB4FB /* ScrumAppApp.swift */,
				D6CB699E279C959500BCB4FB /* ContentView.swift */,
				D6CB69CD279CAE6D00BCB4FB /* CardView.swift */,
				D6CB69C9279CAC9800BCB4FB /* Assets.xcassets */,
				D6CB69A2279C959600BCB4FB /* Preview Content */,
				D6CB69CF279CB47600BCB4FB /* TrailingIconLabelStyle.swift */,
				D6CB69D1279CF04A00BCB4FB /* ScrumsView.swift */,
			);
			path = ScrumApp;
			sourceTree = "<group>";
		};
		D6CB69A2279C959600BCB4FB /* Preview Content */ = {
			isa = PBXGroup;
			children = (
				D6CB69A3279C959600BCB4FB /* Preview Assets.xcassets */,
			);
			path = "Preview Content";
			sourceTree = "<group>";
		};
		D6CB69AC279C959600BCB4FB /* ScrumAppTests */ = {
			isa = PBXGroup;
			children = (
				D6CB69AD279C959600BCB4FB /* ScrumAppTests.swift */,
			);
			path = ScrumAppTests;
			sourceTree = "<group>";
		};
		D6CB69B6279C959600BCB4FB /* ScrumAppUITests */ = {
			isa = PBXGroup;
			children = (
				D6CB69B7279C959600BCB4FB /* ScrumAppUITests.swift */,
				D6CB69B9279C959600BCB4FB /* ScrumAppUITestsLaunchTests.swift */,
			);
			path = ScrumAppUITests;
			sourceTree = "<group>";
		};
		D6CB69C6279CAA6500BCB4FB /* Models */ = {
			isa = PBXGroup;
			children = (
				D6CB69C7279CAA9500BCB4FB /* Theme.swift */,
				D6CB69CB279CAD5300BCB4FB /* DailyScrum.swift */,
			);
			path = Models;
			sourceTree = "<group>";
		};
/* End PBXGroup section */

/* Begin PBXNativeTarget section */
		D6CB6998279C959500BCB4FB /* ScrumApp */ = {
			isa = PBXNativeTarget;
			buildConfigurationList = D6CB69BD279C959600BCB4FB /* Build configuration list for PBXNativeTarget "ScrumApp" */;
			buildPhases = (
				D6CB6995279C959500BCB4FB /* Sources */,
				D6CB6996279C959500BCB4FB /* Frameworks */,
				D6CB6997279C959500BCB4FB /* Resources */,
			);
			buildRules = (
			);
			dependencies = (
			);
			name = ScrumApp;
			productName = ScrumApp;
			productReference = D6CB6999279C959500BCB4FB /* ScrumApp.app */;
			productType = "com.apple.product-type.application";
		};
		D6CB69A8279C959600BCB4FB /* ScrumAppTests */ = {
			isa = PBXNativeTarget;
			buildConfigurationList = D6CB69C0279C959600BCB4FB /* Build configuration list for PBXNativeTarget "ScrumAppTests" */;
			buildPhases = (
				D6CB69A5279C959600BCB4FB /* Sources */,
				D6CB69A6279C959600BCB4FB /* Frameworks */,
				D6CB69A7279C959600BCB4FB /* Resources */,
			);
			buildRules = (
			);
			dependencies = (
				D6CB69AB279C959600BCB4FB /* PBXTargetDependency */,
			);
			name = ScrumAppTests;
			productName = ScrumAppTests;
			productReference = D6CB69A9279C959600BCB4FB /* ScrumAppTests.xctest */;
			productType = "com.apple.product-type.bundle.unit-test";
		};
		D6CB69B2279C959600BCB4FB /* ScrumAppUITests */ = {
			isa = PBXNativeTarget;
			buildConfigurationList = D6CB69C3279C959600BCB4FB /* Build configuration list for PBXNativeTarget "ScrumAppUITests" */;
			buildPhases = (
				D6CB69AF279C959600BCB4FB /* Sources */,
				D6CB69B0279C959600BCB4FB /* Frameworks */,
				D6CB69B1279C959600BCB4FB /* Resources */,
			);
			buildRules = (
			);
			dependencies = (
				D6CB69B5279C959600BCB4FB /* PBXTargetDependency */,
			);
			name = ScrumAppUITests;
			productName = ScrumAppUITests;
			productReference = D6CB69B3279C959600BCB4FB /* ScrumAppUITests.xctest */;
			productType = "com.apple.product-type.bundle.ui-testing";
		};
/* End PBXNativeTarget section */

/* Begin PBXProject section */
		D6CB6991279C959500BCB4FB /* Project object */ = {
			isa = PBXProject;
			attributes = {
				BuildIndependentTargetsInParallel = 1;
				LastSwiftUpdateCheck = 1320;
				LastUpgradeCheck = 1320;
				TargetAttributes = {
					D6CB6998279C959500BCB4FB = {
						CreatedOnToolsVersion = 13.2.1;
					};
					D6CB69A8279C959600BCB4FB = {
						CreatedOnToolsVersion = 13.2.1;
						TestTargetID = D6CB6998279C959500BCB4FB;
					};
					D6CB69B2279C959600BCB4FB = {
						CreatedOnToolsVersion = 13.2.1;
						TestTargetID = D6CB6998279C959500BCB4FB;
					};
				};
			};
			buildConfigurationList = D6CB6994279C959500BCB4FB /* Build configuration list for PBXProject "ScrumApp" */;
			compatibilityVersion = "Xcode 13.0";
			developmentRegion = en;
			hasScannedForEncodings = 0;
			knownRegions = (
				en,
				Base,
			);
			mainGroup = D6CB6990279C959500BCB4FB;
			productRefGroup = D6CB699A279C959500BCB4FB /* Products */;
			projectDirPath = "";
			projectRoot = "";
			targets = (
				D6CB6998279C959500BCB4FB /* ScrumApp */,
				D6CB69A8279C959600BCB4FB /* ScrumAppTests */,
				D6CB69B2279C959600BCB4FB /* ScrumAppUITests */,
			);
		};
/* End PBXProject section */

/* Begin PBXResourcesBuildPhase section */
		D6CB6997279C959500BCB4FB /* Resources */ = {
			isa = PBXResourcesBuildPhase;
			buildActionMask = 2147483647;
			files = (
				D6CB69A4279C959600BCB4FB /* Preview Assets.xcassets in Resources */,
				D6CB69CA279CAC9800BCB4FB /* Assets.xcassets in Resources */,
			);
			runOnlyForDeploymentPostprocessing = 0;
		};
		D6CB69A7279C959600BCB4FB /* Resources */ = {
			isa = PBXResourcesBuildPhase;
			buildActionMask = 2147483647;
			files = (
			);
			runOnlyForDeploymentPostprocessing = 0;
		};
		D6CB69B1279C959600BCB4FB /* Resources */ = {
			isa = PBXResourcesBuildPhase;
			buildActionMask = 2147483647;
			files = (
			);
			runOnlyForDeploymentPostprocessing = 0;
		};
/* End PBXResourcesBuildPhase section */

/* Begin PBXSourcesBuildPhase section */
		D6CB6995279C959500BCB4FB /* Sources */ = {
			isa = PBXSourcesBuildPhase;
			buildActionMask = 2147483647;
			files = (
				D6CB69CC279CAD5300BCB4FB /* DailyScrum.swift in Sources */,
				D6CB69D0279CB47600BCB4FB /* TrailingIconLabelStyle.swift in Sources */,
				D6CB69C8279CAA9500BCB4FB /* Theme.swift in Sources */,
				D6CB69D2279CF04A00BCB4FB /* ScrumsView.swift in Sources */,
				D6CB699F279C959500BCB4FB /* ContentView.swift in Sources */,
				D6CB699D279C959500BCB4FB /* ScrumAppApp.swift in Sources */,
				D6CB69CE279CAE6D00BCB4FB /* CardView.swift in Sources */,
			);
			runOnlyForDeploymentPostprocessing = 0;
		};
		D6CB69A5279C959600BCB4FB /* Sources */ = {
			isa = PBXSourcesBuildPhase;
			buildActionMask = 2147483647;
			files = (
				D6CB69AE279C959600BCB4FB /* ScrumAppTests.swift in Sources */,
			);
			runOnlyForDeploymentPostprocessing = 0;
		};
		D6CB69AF279C959600BCB4FB /* Sources */ = {
			isa = PBXSourcesBuildPhase;
			buildActionMask = 2147483647;
			files = (
				D6CB69BA279C959600BCB4FB /* ScrumAppUITestsLaunchTests.swift in Sources */,
				D6CB69B8279C959600BCB4FB /* ScrumAppUITests.swift in Sources */,
			);
			runOnlyForDeploymentPostprocessing = 0;
		};
/* End PBXSourcesBuildPhase section */

/* Begin PBXTargetDependency section */
		D6CB69AB279C959600BCB4FB /* PBXTargetDependency */ = {
			isa = PBXTargetDependency;
			target = D6CB6998279C959500BCB4FB /* ScrumApp */;
			targetProxy = D6CB69AA279C959600BCB4FB /* PBXContainerItemProxy */;
		};
		D6CB69B5279C959600BCB4FB /* PBXTargetDependency */ = {
			isa = PBXTargetDependency;
			target = D6CB6998279C959500BCB4FB /* ScrumApp */;
			targetProxy = D6CB69B4279C959600BCB4FB /* PBXContainerItemProxy */;
		};
/* End PBXTargetDependency section */

/* Begin XCBuildConfiguration section */
		D6CB69BB279C959600BCB4FB /* Debug */ = {
			isa = XCBuildConfiguration;
			buildSettings = {
				ALWAYS_SEARCH_USER_PATHS = NO;
				CLANG_ANALYZER_NONNULL = YES;
				CLANG_ANALYZER_NUMBER_OBJECT_CONVERSION = YES_AGGRESSIVE;
				CLANG_CXX_LANGUAGE_STANDARD = "gnu++17";
				CLANG_CXX_LIBRARY = "libc++";
				CLANG_ENABLE_MODULES = YES;
				CLANG_ENABLE_OBJC_ARC = YES;
				CLANG_ENABLE_OBJC_WEAK = YES;
				CLANG_WARN_BLOCK_CAPTURE_AUTORELEASING = YES;
				CLANG_WARN_BOOL_CONVERSION = YES;
				CLANG_WARN_COMMA = YES;
				CLANG_WARN_CONSTANT_CONVERSION = YES;
				CLANG_WARN_DEPRECATED_OBJC_IMPLEMENTATIONS = YES;
				CLANG_WARN_DIRECT_OBJC_ISA_USAGE = YES_ERROR;
				CLANG_WARN_DOCUMENTATION_COMMENTS = YES;
				CLANG_WARN_EMPTY_BODY = YES;
				CLANG_WARN_ENUM_CONVERSION = YES;
				CLANG_WARN_INFINITE_RECURSION = YES;
				CLANG_WARN_INT_CONVERSION = YES;
				CLANG_WARN_NON_LITERAL_NULL_CONVERSION = YES;
				CLANG_WARN_OBJC_IMPLICIT_RETAIN_SELF = YES;
				CLANG_WARN_OBJC_LITERAL_CONVERSION = YES;
				CLANG_WARN_OBJC_ROOT_CLASS = YES_ERROR;
				CLANG_WARN_QUOTED_INCLUDE_IN_FRAMEWORK_HEADER = YES;
				CLANG_WARN_RANGE_LOOP_ANALYSIS = YES;
				CLANG_WARN_STRICT_PROTOTYPES = YES;
				CLANG_WARN_SUSPICIOUS_MOVE = YES;
				CLANG_WARN_UNGUARDED_AVAILABILITY = YES_AGGRESSIVE;
				CLANG_WARN_UNREACHABLE_CODE = YES;
				CLANG_WARN__DUPLICATE_METHOD_MATCH = YES;
				COPY_PHASE_STRIP = NO;
				DEBUG_INFORMATION_FORMAT = dwarf;
				ENABLE_STRICT_OBJC_MSGSEND = YES;
				ENABLE_TESTABILITY = YES;
				GCC_C_LANGUAGE_STANDARD = gnu11;
				GCC_DYNAMIC_NO_PIC = NO;
				GCC_NO_COMMON_BLOCKS = YES;
				GCC_OPTIMIZATION_LEVEL = 0;
				GCC_PREPROCESSOR_DEFINITIONS = (
					"DEBUG=1",
					"$(inherited)",
				);
				GCC_WARN_64_TO_32_BIT_CONVERSION = YES;
				GCC_WARN_ABOUT_RETURN_TYPE = YES_ERROR;
				GCC_WARN_UNDECLARED_SELECTOR = YES;
				GCC_WARN_UNINITIALIZED_AUTOS = YES_AGGRESSIVE;
				GCC_WARN_UNUSED_FUNCTION = YES;
				GCC_WARN_UNUSED_VARIABLE = YES;
				IPHONEOS_DEPLOYMENT_TARGET = 15.2;
				MTL_ENABLE_DEBUG_INFO = INCLUDE_SOURCE;
				MTL_FAST_MATH = YES;
				ONLY_ACTIVE_ARCH = YES;
				SDKROOT = iphoneos;
				SWIFT_ACTIVE_COMPILATION_CONDITIONS = DEBUG;
				SWIFT_OPTIMIZATION_LEVEL = "-Onone";
			};
			name = Debug;
		};
		D6CB69BC279C959600BCB4FB /* Release */ = {
			isa = XCBuildConfiguration;
			buildSettings = {
				ALWAYS_SEARCH_USER_PATHS = NO;
				CLANG_ANALYZER_NONNULL = YES;
				CLANG_ANALYZER_NUMBER_OBJECT_CONVERSION = YES_AGGRESSIVE;
				CLANG_CXX_LANGUAGE_STANDARD = "gnu++17";
				CLANG_CXX_LIBRARY = "libc++";
				CLANG_ENABLE_MODULES = YES;
				CLANG_ENABLE_OBJC_ARC = YES;
				CLANG_ENABLE_OBJC_WEAK = YES;
				CLANG_WARN_BLOCK_CAPTURE_AUTORELEASING = YES;
				CLANG_WARN_BOOL_CONVERSION = YES;
				CLANG_WARN_COMMA = YES;
				CLANG_WARN_CONSTANT_CONVERSION = YES;
				CLANG_WARN_DEPRECATED_OBJC_IMPLEMENTATIONS = YES;
				CLANG_WARN_DIRECT_OBJC_ISA_USAGE = YES_ERROR;
				CLANG_WARN_DOCUMENTATION_COMMENTS = YES;
				CLANG_WARN_EMPTY_BODY = YES;
				CLANG_WARN_ENUM_CONVERSION = YES;
				CLANG_WARN_INFINITE_RECURSION = YES;
				CLANG_WARN_INT_CONVERSION = YES;
				CLANG_WARN_NON_LITERAL_NULL_CONVERSION = YES;
				CLANG_WARN_OBJC_IMPLICIT_RETAIN_SELF = YES;
				CLANG_WARN_OBJC_LITERAL_CONVERSION = YES;
				CLANG_WARN_OBJC_ROOT_CLASS = YES_ERROR;
				CLANG_WARN_QUOTED_INCLUDE_IN_FRAMEWORK_HEADER = YES;
				CLANG_WARN_RANGE_LOOP_ANALYSIS = YES;
				CLANG_WARN_STRICT_PROTOTYPES = YES;
				CLANG_WARN_SUSPICIOUS_MOVE = YES;
				CLANG_WARN_UNGUARDED_AVAILABILITY = YES_AGGRESSIVE;
				CLANG_WARN_UNREACHABLE_CODE = YES;
				CLANG_WARN__DUPLICATE_METHOD_MATCH = YES;
				COPY_PHASE_STRIP = NO;
				DEBUG_INFORMATION_FORMAT = "dwarf-with-dsym";
				ENABLE_NS_ASSERTIONS = NO;
				ENABLE_STRICT_OBJC_MSGSEND = YES;
				GCC_C_LANGUAGE_STANDARD = gnu11;
				GCC_NO_COMMON_BLOCKS = YES;
				GCC_WARN_64_TO_32_BIT_CONVERSION = YES;
				GCC_WARN_ABOUT_RETURN_TYPE = YES_ERROR;
				GCC_WARN_UNDECLARED_SELECTOR = YES;
				GCC_WARN_UNINITIALIZED_AUTOS = YES_AGGRESSIVE;
				GCC_WARN_UNUSED_FUNCTION = YES;
				GCC_WARN_UNUSED_VARIABLE = YES;
				IPHONEOS_DEPLOYMENT_TARGET = 15.2;
				MTL_ENABLE_DEBUG_INFO = NO;
				MTL_FAST_MATH = YES;
				SDKROOT = iphoneos;
				SWIFT_COMPILATION_MODE = wholemodule;
				SWIFT_OPTIMIZATION_LEVEL = "-O";
				VALIDATE_PRODUCT = YES;
			};
			name = Release;
		};
		D6CB69BE279C959600BCB4FB /* Debug */ = {
			isa = XCBuildConfiguration;
			buildSettings = {
				ASSETCATALOG_COMPILER_APPICON_NAME = AppIcon;
				ASSETCATALOG_COMPILER_GLOBAL_ACCENT_COLOR_NAME = AccentColor;
				CODE_SIGN_STYLE = Automatic;
				CURRENT_PROJECT_VERSION = 1;
				DEVELOPMENT_ASSET_PATHS = "\"ScrumApp/Preview Content\"";
				ENABLE_PREVIEWS = YES;
				GENERATE_INFOPLIST_FILE = YES;
				INFOPLIST_KEY_UIApplicationSceneManifest_Generation = YES;
				INFOPLIST_KEY_UIApplicationSupportsIndirectInputEvents = YES;
				INFOPLIST_KEY_UILaunchScreen_Generation = YES;
				INFOPLIST_KEY_UISupportedInterfaceOrientations_iPad = "UIInterfaceOrientationPortrait UIInterfaceOrientationPortraitUpsideDown UIInterfaceOrientationLandscapeLeft UIInterfaceOrientationLandscapeRight";
				INFOPLIST_KEY_UISupportedInterfaceOrientations_iPhone = "UIInterfaceOrientationPortrait UIInterfaceOrientationLandscapeLeft UIInterfaceOrientationLandscapeRight";
				LD_RUNPATH_SEARCH_PATHS = (
					"$(inherited)",
					"@executable_path/Frameworks",
				);
				MARKETING_VERSION = 1.0;
				PRODUCT_BUNDLE_IDENTIFIER = lauryn.ScrumApp;
				PRODUCT_NAME = "$(TARGET_NAME)";
				SWIFT_EMIT_LOC_STRINGS = YES;
				SWIFT_VERSION = 5.0;
				TARGETED_DEVICE_FAMILY = "1,2";
			};
			name = Debug;
		};
		D6CB69BF279C959600BCB4FB /* Release */ = {
			isa = XCBuildConfiguration;
			buildSettings = {
				ASSETCATALOG_COMPILER_APPICON_NAME = AppIcon;
				ASSETCATALOG_COMPILER_GLOBAL_ACCENT_COLOR_NAME = AccentColor;
				CODE_SIGN_STYLE = Automatic;
				CURRENT_PROJECT_VERSION = 1;
				DEVELOPMENT_ASSET_PATHS = "\"ScrumApp/Preview Content\"";
				ENABLE_PREVIEWS = YES;
				GENERATE_INFOPLIST_FILE = YES;
				INFOPLIST_KEY_UIApplicationSceneManifest_Generation = YES;
				INFOPLIST_KEY_UIApplicationSupportsIndirectInputEvents = YES;
				INFOPLIST_KEY_UILaunchScreen_Generation = YES;
				INFOPLIST_KEY_UISupportedInterfaceOrientations_iPad = "UIInterfaceOrientationPortrait UIInterfaceOrientationPortraitUpsideDown UIInterfaceOrientationLandscapeLeft UIInterfaceOrientationLandscapeRight";
				INFOPLIST_KEY_UISupportedInterfaceOrientations_iPhone = "UIInterfaceOrientationPortrait UIInterfaceOrientationLandscapeLeft UIInterfaceOrientationLandscapeRight";
				LD_RUNPATH_SEARCH_PATHS = (
					"$(inherited)",
					"@executable_path/Frameworks",
				);
				MARKETING_VERSION = 1.0;
				PRODUCT_BUNDLE_IDENTIFIER = lauryn.ScrumApp;
				PRODUCT_NAME = "$(TARGET_NAME)";
				SWIFT_EMIT_LOC_STRINGS = YES;
				SWIFT_VERSION = 5.0;
				TARGETED_DEVICE_FAMILY = "1,2";
			};
			name = Release;
		};
		D6CB69C1279C959600BCB4FB /* Debug */ = {
			isa = XCBuildConfiguration;
			buildSettings = {
				ALWAYS_EMBED_SWIFT_STANDARD_LIBRARIES = YES;
				BUNDLE_LOADER = "$(TEST_HOST)";
				CODE_SIGN_STYLE = Automatic;
				CURRENT_PROJECT_VERSION = 1;
				GENERATE_INFOPLIST_FILE = YES;
				IPHONEOS_DEPLOYMENT_TARGET = 15.2;
				MARKETING_VERSION = 1.0;
				PRODUCT_BUNDLE_IDENTIFIER = lauryn.ScrumAppTests;
				PRODUCT_NAME = "$(TARGET_NAME)";
				SWIFT_EMIT_LOC_STRINGS = NO;
				SWIFT_VERSION = 5.0;
				TARGETED_DEVICE_FAMILY = "1,2";
				TEST_HOST = "$(BUILT_PRODUCTS_DIR)/ScrumApp.app/ScrumApp";
			};
			name = Debug;
		};
		D6CB69C2279C959600BCB4FB /* Release */ = {
			isa = XCBuildConfiguration;
			buildSettings = {
				ALWAYS_EMBED_SWIFT_STANDARD_LIBRARIES = YES;
				BUNDLE_LOADER = "$(TEST_HOST)";
				CODE_SIGN_STYLE = Automatic;
				CURRENT_PROJECT_VERSION = 1;
				GENERATE_INFOPLIST_FILE = YES;
				IPHONEOS_DEPLOYMENT_TARGET = 15.2;
				MARKETING_VERSION = 1.0;
				PRODUCT_BUNDLE_IDENTIFIER = lauryn.ScrumAppTests;
				PRODUCT_NAME = "$(TARGET_NAME)";
				SWIFT_EMIT_LOC_STRINGS = NO;
				SWIFT_VERSION = 5.0;
				TARGETED_DEVICE_FAMILY = "1,2";
				TEST_HOST = "$(BUILT_PRODUCTS_DIR)/ScrumApp.app/ScrumApp";
			};
			name = Release;
		};
		D6CB69C4279C959600BCB4FB /* Debug */ = {
			isa = XCBuildConfiguration;
			buildSettings = {
				ALWAYS_EMBED_SWIFT_STANDARD_LIBRARIES = YES;
				CODE_SIGN_STYLE = Automatic;
				CURRENT_PROJECT_VERSION = 1;
				GENERATE_INFOPLIST_FILE = YES;
				MARKETING_VERSION = 1.0;
				PRODUCT_BUNDLE_IDENTIFIER = lauryn.ScrumAppUITests;
				PRODUCT_NAME = "$(TARGET_NAME)";
				SWIFT_EMIT_LOC_STRINGS = NO;
				SWIFT_VERSION = 5.0;
				TARGETED_DEVICE_FAMILY = "1,2";
				TEST_TARGET_NAME = ScrumApp;
			};
			name = Debug;
		};
		D6CB69C5279C959600BCB4FB /* Release */ = {
			isa = XCBuildConfiguration;
			buildSettings = {
				ALWAYS_EMBED_SWIFT_STANDARD_LIBRARIES = YES;
				CODE_SIGN_STYLE = Automatic;
				CURRENT_PROJECT_VERSION = 1;
				GENERATE_INFOPLIST_FILE = YES;
				MARKETING_VERSION = 1.0;
				PRODUCT_BUNDLE_IDENTIFIER = lauryn.ScrumAppUITests;
				PRODUCT_NAME = "$(TARGET_NAME)";
				SWIFT_EMIT_LOC_STRINGS = NO;
				SWIFT_VERSION = 5.0;
				TARGETED_DEVICE_FAMILY = "1,2";
				TEST_TARGET_NAME = ScrumApp;
			};
			name = Release;
		};
/* End XCBuildConfiguration section */

/* Begin XCConfigurationList section */
		D6CB6994279C959500BCB4FB /* Build configuration list for PBXProject "ScrumApp" */ = {
			isa = XCConfigurationList;
			buildConfigurations = (
				D6CB69BB279C959600BCB4FB /* Debug */,
				D6CB69BC279C959600BCB4FB /* Release */,
			);
			defaultConfigurationIsVisible = 0;
			defaultConfigurationName = Release;
		};
		D6CB69BD279C959600BCB4FB /* Build configuration list for PBXNativeTarget "ScrumApp" */ = {
			isa = XCConfigurationList;
			buildConfigurations = (
				D6CB69BE279C959600BCB4FB /* Debug */,
				D6CB69BF279C959600BCB4FB /* Release */,
			);
			defaultConfigurationIsVisible = 0;
			defaultConfigurationName = Release;
		};
		D6CB69C0279C959600BCB4FB /* Build configuration list for PBXNativeTarget "ScrumAppTests" */ = {
			isa = XCConfigurationList;
			buildConfigurations = (
				D6CB69C1279C959600BCB4FB /* Debug */,
				D6CB69C2279C959600BCB4FB /* Release */,
			);
			defaultConfigurationIsVisible = 0;
			defaultConfigurationName = Release;
		};
		D6CB69C3279C959600BCB4FB /* Build configuration list for PBXNativeTarget "ScrumAppUITests" */ = {
			isa = XCConfigurationList;
			buildConfigurations = (
				D6CB69C4279C959600BCB4FB /* Debug */,
				D6CB69C5279C959600BCB4FB /* Release */,
			);
			defaultConfigurationIsVisible = 0;
			defaultConfigurationName = Release;
		};
/* End XCConfigurationList section */
	};
	rootObject = D6CB6991279C959500BCB4FB /* Project object */;
}
